<?xml version="1.0" encoding="utf-8"?>
<Project ToolsVersion="4.0" xmlns="http://schemas.microsoft.com/developer/msbuild/2003">
  <ItemGroup>
    <Filter Include="Lacy2D">
      <UniqueIdentifier>{64B03AC0-5052-6596-390D-79EA254EECE6}</UniqueIdentifier>
    </Filter>
    <Filter Include="Lacy2D\Core">
      <UniqueIdentifier>{3CB3256D-A868-9E62-315D-98399D119566}</UniqueIdentifier>
    </Filter>
    <Filter Include="Lacy2D\Events">
      <UniqueIdentifier>{C8838152-3444-FD88-FD7E-460669FE4165}</UniqueIdentifier>
    </Filter>
    <Filter Include="Lacy2D\Platform">
      <UniqueIdentifier>{389D0F15-A428-7DD9-AD39-00CE1944D9D9}</UniqueIdentifier>
    </Filter>
    <Filter Include="Lacy2D\Platform\Windows">
      <UniqueIdentifier>{72FFA206-DE36-EB9D-E740-4FC153F71197}</UniqueIdentifier>
    </Filter>
  </ItemGroup>
  <ItemGroup>
    <ClInclude Include="src\Lacy2D.h" />
    <ClInclude Include="src\Lacy2D\Core\Application.h">
      <Filter>Lacy2D\Core</Filter>
    </ClInclude>
    <ClInclude Include="src\Lacy2D\Core\Core.h">
      <Filter>Lacy2D\Core</Filter>
    </ClInclude>
    <ClInclude Include="src\Lacy2D\Core\EntryPoint.h">
      <Filter>Lacy2D\Core</Filter>
    </ClInclude>
    <ClInclude Include="src\Lacy2D\Core\Input.h">
      <Filter>Lacy2D\Core</Filter>
    </ClInclude>
    <ClInclude Include="src\Lacy2D\Core\Log.h">
      <Filter>Lacy2D\Core</Filter>
    </ClInclude>
    <ClInclude Include="src\Lacy2D\Core\Version.h">
      <Filter>Lacy2D\Core</Filter>
    </ClInclude>
    <ClInclude Include="src\Lacy2D\Core\Window.h">
      <Filter>Lacy2D\Core</Filter>
    </ClInclude>
    <ClInclude Include="src\Lacy2D\Events\ApplicationEvent.h">
      <Filter>Lacy2D\Events</Filter>
    </ClInclude>
    <ClInclude Include="src\Lacy2D\Events\Event.h">
      <Filter>Lacy2D\Events</Filter>
    </ClInclude>
    <ClInclude Include="src\Lacy2D\Events\KeyEvent.h">
      <Filter>Lacy2D\Events</Filter>
    </ClInclude>
    <ClInclude Include="src\Lacy2D\Events\MouseEvent.h">
      <Filter>Lacy2D\Events</Filter>
    </ClInclude>
    <ClInclude Include="src\Lacy2D\Platform\Windows\WindowsInput.h">
      <Filter>Lacy2D\Platform\Windows</Filter>
    </ClInclude>
    <ClInclude Include="src\Lacy2D\Platform\Windows\WindowsWindow.h">
      <Filter>Lacy2D\Platform\Windows</Filter>
    </ClInclude>
    <ClInclude Include="src\lacy2Dpch.h" />
  </ItemGroup>
  <ItemGroup>
    <ClCompile Include="src\Lacy2D\Core\Application.cpp">
      <Filter>Lacy2D\Core</Filter>
    </ClCompile>
    <ClCompile Include="src\Lacy2D\Core\Log.cpp">
      <Filter>Lacy2D\Core</Filter>
    </ClCompile>
    <ClCompile Include="src\Lacy2D\Platform\Windows\WindowsInput.cpp">
      <Filter>Lacy2D\Platform\Windows</Filter>
    </ClCompile>
    <ClCompile Include="src\Lacy2D\Platform\Windows\WindowsWindow.cpp">
      <Filter>Lacy2D\Platform\Windows</Filter>
    </ClCompile>
    <ClCompile Include="src\lacy2Dpch.cpp" />
  </ItemGroup>
</Project>